
Microsoft Visual Studio Solution File, Format Version 12.00
# Visual Studio Version 16
VisualStudioVersion = 16.0.808.9
MinimumVisualStudioVersion = 10.0.40219.1
Project("{FAE04EC0-301F-11D3-BF4B-00C04F79EFBC}") = "BedriftsrådetBodø", "BedriftsrådetBodø\BedriftsrådetBodø.csproj", "{E9340D09-7FCC-4EFD-A70C-201647EDE885}"
EndProject
Global
	GlobalSection(SolutionConfigurationPlatforms) = preSolution
		Debug|Any CPU = Debug|Any CPU
		Release|Any CPU = Release|Any CPU
	EndGlobalSection
	GlobalSection(ProjectConfigurationPlatforms) = postSolution
		{E9340D09-7FCC-4EFD-A70C-201647EDE885}.Debug|Any CPU.ActiveCfg = Debug|Any CPU
		{E9340D09-7FCC-4EFD-A70C-201647EDE885}.Debug|Any CPU.Build.0 = Debug|Any CPU
		{E9340D09-7FCC-4EFD-A70C-201647EDE885}.Release|Any CPU.ActiveCfg = Release|Any CPU
		{E9340D09-7FCC-4EFD-A70C-201647EDE885}.Release|Any CPU.Build.0 = Release|Any CPU
	EndGlobalSection
	GlobalSection(SolutionProperties) = preSolution
		HideSolutionNode = FALSE
	EndGlobalSection
	GlobalSection(ExtensibilityGlobals) = postSolution
		SolutionGuid = {56640719-3B5C-4441-9B72-5519E3353C96}
	EndGlobalSection
EndGlobal
